
Microsoft Visual Studio Solution File, Format Version 12.00
Project("{FAE04EC0-301F-11D3-BF4B-00C04F79EFBC}") = "Lab4", "Lab4\Lab4.csproj", "{F4F5BA9C-968C-46AA-A2A2-77E4FA8144B0}"
EndProject
Global
	GlobalSection(SolutionConfigurationPlatforms) = preSolution
		Debug|Any CPU = Debug|Any CPU
		Release|Any CPU = Release|Any CPU
	EndGlobalSection
	GlobalSection(ProjectConfigurationPlatforms) = postSolution
		{F4F5BA9C-968C-46AA-A2A2-77E4FA8144B0}.Debug|Any CPU.ActiveCfg = Debug|Any CPU
		{F4F5BA9C-968C-46AA-A2A2-77E4FA8144B0}.Debug|Any CPU.Build.0 = Debug|Any CPU
		{F4F5BA9C-968C-46AA-A2A2-77E4FA8144B0}.Release|Any CPU.ActiveCfg = Release|Any CPU
		{F4F5BA9C-968C-46AA-A2A2-77E4FA8144B0}.Release|Any CPU.Build.0 = Release|Any CPU
	EndGlobalSection
EndGlobal
