
Microsoft Visual Studio Solution File, Format Version 12.00
# Visual Studio Version 17
VisualStudioVersion = 17.9.34616.47
MinimumVisualStudioVersion = 10.0.40219.1
Project("{FAE04EC0-301F-11D3-BF4B-00C04F79EFBC}") = "ClassLibLab9", "ClassLibLab9\ClassLibLab9.csproj", "{09BEDAE5-254C-42D7-8F98-240F5EFF7655}"
EndProject
Global
	GlobalSection(SolutionConfigurationPlatforms) = preSolution
		Debug|Any CPU = Debug|Any CPU
		Release|Any CPU = Release|Any CPU
	EndGlobalSection
	GlobalSection(ProjectConfigurationPlatforms) = postSolution
		{09BEDAE5-254C-42D7-8F98-240F5EFF7655}.Debug|Any CPU.ActiveCfg = Debug|Any CPU
		{09BEDAE5-254C-42D7-8F98-240F5EFF7655}.Debug|Any CPU.Build.0 = Debug|Any CPU
		{09BEDAE5-254C-42D7-8F98-240F5EFF7655}.Release|Any CPU.ActiveCfg = Release|Any CPU
		{09BEDAE5-254C-42D7-8F98-240F5EFF7655}.Release|Any CPU.Build.0 = Release|Any CPU
	EndGlobalSection
	GlobalSection(SolutionProperties) = preSolution
		HideSolutionNode = FALSE
	EndGlobalSection
	GlobalSection(ExtensibilityGlobals) = postSolution
		SolutionGuid = {0415F0BF-40FD-4AF6-A996-7CE04785B16C}
	EndGlobalSection
EndGlobal
